
Microsoft Visual Studio Solution File, Format Version 12.00
# Visual Studio Version 17
VisualStudioVersion = 17.11.35303.130
MinimumVisualStudioVersion = 10.0.40219.1
Project("{2150E333-8FDC-42A3-9474-1A3956D46DE8}") = "Task0", "Task0", "{6164FF06-9753-4911-9B58-C48903E7008C}"
EndProject
Project("{9A19103F-16F7-4668-BE54-9A1E7A4F7556}") = "Tyuiu.MajdQadhi.Sprint2.Task0.V19", "Tyuiu.MajdQadhi.Sprint2.Task0.V19\Tyuiu.MajdQadhi.Sprint2.Task0.V19.csproj", "{04A2E709-69CD-4457-89EF-12EE18682F3F}"
EndProject
Project("{9A19103F-16F7-4668-BE54-9A1E7A4F7556}") = "Tyuiu.MajdQadhi.Sprint2.Task0.V19.Lib", "Tyuiu.MajdQadhi.Sprint2.Task0.V19.Lib\Tyuiu.MajdQadhi.Sprint2.Task0.V19.Lib.csproj", "{EEB3025D-6356-4DFC-8303-CCAC9BE63874}"
EndProject
Project("{9A19103F-16F7-4668-BE54-9A1E7A4F7556}") = "Tyuiu.MajdQadhi.Sprint2.Task0.V19.Test", "Tyuiu.MajdQadhi.Sprint2.Task0.V19.Test\Tyuiu.MajdQadhi.Sprint2.Task0.V19.Test.csproj", "{29422E47-6718-4393-83FE-54548331D537}"
EndProject
Project("{2150E333-8FDC-42A3-9474-1A3956D46DE8}") = "Task1", "Task1", "{F1F55EFF-AE33-4869-9834-9225924FF8CB}"
EndProject
Project("{9A19103F-16F7-4668-BE54-9A1E7A4F7556}") = "Tyuiu.MajdQadhi.Sprint2.Task1.V4", "Tyuiu.MajdQadhi.Sprint2.Task1.V4\Tyuiu.MajdQadhi.Sprint2.Task1.V4.csproj", "{79098D31-83B2-4F1C-BA26-8B88738F53D7}"
EndProject
Project("{9A19103F-16F7-4668-BE54-9A1E7A4F7556}") = "Tyuiu.MajdQadhi.Sprint2.Task1.V4.Lib", "Tyuiu.MajdQadhi.Sprint2.Task1.V4.Lib\Tyuiu.MajdQadhi.Sprint2.Task1.V4.Lib.csproj", "{0B111FF8-853E-4293-8B3C-3BAEE108F6AD}"
EndProject
Project("{9A19103F-16F7-4668-BE54-9A1E7A4F7556}") = "Tyuiu.MajdQadhi.Sprint2.Task1.V4.Test", "Tyuiu.MajdQadhi.Sprint2.Task1.V4.Test\Tyuiu.MajdQadhi.Sprint2.Task1.V4.Test.csproj", "{93231953-8261-4E2B-AF6B-724F0F731899}"
EndProject
Project("{2150E333-8FDC-42A3-9474-1A3956D46DE8}") = "Task2", "Task2", "{180514BE-FD90-4BFE-9B0B-25C98AF71DB3}"
EndProject
Project("{9A19103F-16F7-4668-BE54-9A1E7A4F7556}") = "Tyuiu.MajdQadhi.Sprint2.Task2.V11", "Tyuiu.MajdQadhi.Sprint2.Task2.V11\Tyuiu.MajdQadhi.Sprint2.Task2.V11.csproj", "{C16B6412-A762-4DAD-BDEB-CF6D04CA7DCB}"
EndProject
Project("{9A19103F-16F7-4668-BE54-9A1E7A4F7556}") = "Tyuiu.MajdQadhi.Sprint2.Task2.V11.Lib", "Tyuiu.MajdQadhi.Sprint2.Task2.V11.Lib\Tyuiu.MajdQadhi.Sprint2.Task2.V11.Lib.csproj", "{0C6ABDD2-5259-4CC6-8FEF-8460CD36C770}"
EndProject
Project("{9A19103F-16F7-4668-BE54-9A1E7A4F7556}") = "Tyuiu.MajdQadhi.Sprint2.Task2.V11.Test", "Tyuiu.MajdQadhi.Sprint2.Task2.V11.Test\Tyuiu.MajdQadhi.Sprint2.Task2.V11.Test.csproj", "{271D308F-BC02-4931-A8FF-5EA45F730E4E}"
EndProject
Project("{2150E333-8FDC-42A3-9474-1A3956D46DE8}") = "Task3", "Task3", "{8D5A3655-BE0D-45EC-B072-D76186CA5A67}"
EndProject
Project("{9A19103F-16F7-4668-BE54-9A1E7A4F7556}") = "Tyuiu.MajdQadhi.Sprint2.Task3.V11", "Tyuiu.MajdQadhi.Sprint2.Task3.V11\Tyuiu.MajdQadhi.Sprint2.Task3.V11.csproj", "{529174F0-C135-4721-9CDF-BD0C1B7781B8}"
EndProject
Project("{9A19103F-16F7-4668-BE54-9A1E7A4F7556}") = "Tyuiu.MajdQadhi.Sprint2.Task3.V11.Lib", "Tyuiu.MajdQadhi.Sprint2.Task3.V11.Lib\Tyuiu.MajdQadhi.Sprint2.Task3.V11.Lib.csproj", "{C6E03868-DB3B-45BC-A250-923EE421D530}"
EndProject
Project("{9A19103F-16F7-4668-BE54-9A1E7A4F7556}") = "Tyuiu.MajdQadhi.Sprint2.Task3.V11.Test", "Tyuiu.MajdQadhi.Sprint2.Task3.V11.Test\Tyuiu.MajdQadhi.Sprint2.Task3.V11.Test.csproj", "{ABE84FC6-CFDF-4256-B45A-64AF41A812A7}"
EndProject
Project("{2150E333-8FDC-42A3-9474-1A3956D46DE8}") = "Task4", "Task4", "{98F2450B-7430-4654-B8B2-44A5CDBB7EDB}"
EndProject
Project("{9A19103F-16F7-4668-BE54-9A1E7A4F7556}") = "Tyuiu.MajdQadhi.Sprint2.Task4.V17", "Tyuiu.MajdQadhi.Sprint2.Task4.V17\Tyuiu.MajdQadhi.Sprint2.Task4.V17.csproj", "{F40F0A5F-9CEC-4F1D-A069-1BFA5DB4789B}"
EndProject
Project("{9A19103F-16F7-4668-BE54-9A1E7A4F7556}") = "Tyuiu.MajdQadhi.Sprint2.Task4.V17.Lib", "Tyuiu.MajdQadhi.Sprint2.Task4.V17.Lib\Tyuiu.MajdQadhi.Sprint2.Task4.V17.Lib.csproj", "{7BD32E8E-4F54-4B21-B72D-36EB032A5E18}"
EndProject
Project("{9A19103F-16F7-4668-BE54-9A1E7A4F7556}") = "Tyuiu.MajdQadhi.Sprint2.Task4.V17.Test", "Tyuiu.MajdQadhi.Sprint2.Task4.V17.Test\Tyuiu.MajdQadhi.Sprint2.Task4.V17.Test.csproj", "{42D5A1FA-6830-4B34-96A5-54F405A0CEBE}"
EndProject
Project("{2150E333-8FDC-42A3-9474-1A3956D46DE8}") = "Task5", "Task5", "{6E545505-A255-4D4C-BC43-B084B7727F98}"
EndProject
Project("{9A19103F-16F7-4668-BE54-9A1E7A4F7556}") = "Tyuiu.MajdQadhi.Sprint2.Task5.V5", "Tyuiu.MajdQadhi.Sprint2.Task5.V5\Tyuiu.MajdQadhi.Sprint2.Task5.V5.csproj", "{13FCAC6F-B14E-41F7-9546-2E1293BCEB51}"
EndProject
Project("{9A19103F-16F7-4668-BE54-9A1E7A4F7556}") = "Tyuiu.MajdQadhi.Sprint2.Task5.V5.Lib", "Tyuiu.MajdQadhi.Sprint2.Task5.V5.Lib\Tyuiu.MajdQadhi.Sprint2.Task5.V5.Lib.csproj", "{9CAEFE74-F603-4DBB-A839-EB38531A0F8C}"
EndProject
Project("{9A19103F-16F7-4668-BE54-9A1E7A4F7556}") = "Tyuiu.MajdQadhi.Sprint2.Task5.V5.Test", "Tyuiu.MajdQadhi.Sprint2.Task5.V5.Test\Tyuiu.MajdQadhi.Sprint2.Task5.V5.Test.csproj", "{A394C6FB-205B-4EB8-9C03-B1F278A79BDA}"
EndProject
Project("{2150E333-8FDC-42A3-9474-1A3956D46DE8}") = "Task6", "Task6", "{FCACE727-582A-4BA2-8378-9AB2DA7CF8F1}"
EndProject
Project("{9A19103F-16F7-4668-BE54-9A1E7A4F7556}") = "Tyuiu.MajdQadhi.Sprint2.Task6.V7", "Tyuiu.MajdQadhi.Sprint2.Task6.V7\Tyuiu.MajdQadhi.Sprint2.Task6.V7.csproj", "{76D57525-D34A-40BE-B020-6704B7E1C4C0}"
EndProject
Project("{9A19103F-16F7-4668-BE54-9A1E7A4F7556}") = "Tyuiu.MajdQadhi.Sprint2.Task6.V7.Lib", "Tyuiu.MajdQadhi.Sprint2.Task6.V7.Lib\Tyuiu.MajdQadhi.Sprint2.Task6.V7.Lib.csproj", "{7DA64A9E-2ED3-4D67-B048-3AE59BDFB22B}"
EndProject
Project("{9A19103F-16F7-4668-BE54-9A1E7A4F7556}") = "Tyuiu.MajdQadhi.Sprint2.Task6.V7.Test", "Tyuiu.MajdQadhi.Sprint2.Task6.V7.Test\Tyuiu.MajdQadhi.Sprint2.Task6.V7.Test.csproj", "{D7CD5FB6-12E0-4372-AB58-328843BDEFE3}"
EndProject
Project("{2150E333-8FDC-42A3-9474-1A3956D46DE8}") = "Task7", "Task7", "{CC6A6374-1F8D-43BD-9DEC-0601856EA923}"
EndProject
Project("{9A19103F-16F7-4668-BE54-9A1E7A4F7556}") = "Tyuiu.MajdQadhi.Sprint2.Task7.V5", "Tyuiu.MajdQadhi.Sprint2.Task7.V5\Tyuiu.MajdQadhi.Sprint2.Task7.V5.csproj", "{95886984-4DBB-49D7-A605-A64844DC4573}"
EndProject
Project("{9A19103F-16F7-4668-BE54-9A1E7A4F7556}") = "Tyuiu.MajdQadhi.Sprint2.Task7.V5.Lib", "Tyuiu.MajdQadhi.Sprint2.Task7.V5.Lib\Tyuiu.MajdQadhi.Sprint2.Task7.V5.Lib.csproj", "{B153B0E1-FEFF-4448-99AB-C25A2BB45B5C}"
EndProject
Project("{9A19103F-16F7-4668-BE54-9A1E7A4F7556}") = "Tyuiu.MajdQadhi.Sprint2.Task7.V5.Test", "Tyuiu.MajdQadhi.Sprint2.Task7.V5.Test\Tyuiu.MajdQadhi.Sprint2.Task7.V5.Test.csproj", "{A9D5520B-94E0-4834-9C61-4EF79BE1343E}"
EndProject
Global
	GlobalSection(SolutionConfigurationPlatforms) = preSolution
		Debug|Any CPU = Debug|Any CPU
		Release|Any CPU = Release|Any CPU
	EndGlobalSection
	GlobalSection(ProjectConfigurationPlatforms) = postSolution
		{04A2E709-69CD-4457-89EF-12EE18682F3F}.Debug|Any CPU.ActiveCfg = Debug|Any CPU
		{04A2E709-69CD-4457-89EF-12EE18682F3F}.Debug|Any CPU.Build.0 = Debug|Any CPU
		{04A2E709-69CD-4457-89EF-12EE18682F3F}.Release|Any CPU.ActiveCfg = Release|Any CPU
		{04A2E709-69CD-4457-89EF-12EE18682F3F}.Release|Any CPU.Build.0 = Release|Any CPU
		{EEB3025D-6356-4DFC-8303-CCAC9BE63874}.Debug|Any CPU.ActiveCfg = Debug|Any CPU
		{EEB3025D-6356-4DFC-8303-CCAC9BE63874}.Debug|Any CPU.Build.0 = Debug|Any CPU
		{EEB3025D-6356-4DFC-8303-CCAC9BE63874}.Release|Any CPU.ActiveCfg = Release|Any CPU
		{EEB3025D-6356-4DFC-8303-CCAC9BE63874}.Release|Any CPU.Build.0 = Release|Any CPU
		{29422E47-6718-4393-83FE-54548331D537}.Debug|Any CPU.ActiveCfg = Debug|Any CPU
		{29422E47-6718-4393-83FE-54548331D537}.Debug|Any CPU.Build.0 = Debug|Any CPU
		{29422E47-6718-4393-83FE-54548331D537}.Release|Any CPU.ActiveCfg = Release|Any CPU
		{29422E47-6718-4393-83FE-54548331D537}.Release|Any CPU.Build.0 = Release|Any CPU
		{79098D31-83B2-4F1C-BA26-8B88738F53D7}.Debug|Any CPU.ActiveCfg = Debug|Any CPU
		{79098D31-83B2-4F1C-BA26-8B88738F53D7}.Debug|Any CPU.Build.0 = Debug|Any CPU
		{79098D31-83B2-4F1C-BA26-8B88738F53D7}.Release|Any CPU.ActiveCfg = Release|Any CPU
		{79098D31-83B2-4F1C-BA26-8B88738F53D7}.Release|Any CPU.Build.0 = Release|Any CPU
		{0B111FF8-853E-4293-8B3C-3BAEE108F6AD}.Debug|Any CPU.ActiveCfg = Debug|Any CPU
		{0B111FF8-853E-4293-8B3C-3BAEE108F6AD}.Debug|Any CPU.Build.0 = Debug|Any CPU
		{0B111FF8-853E-4293-8B3C-3BAEE108F6AD}.Release|Any CPU.ActiveCfg = Release|Any CPU
		{0B111FF8-853E-4293-8B3C-3BAEE108F6AD}.Release|Any CPU.Build.0 = Release|Any CPU
		{93231953-8261-4E2B-AF6B-724F0F731899}.Debug|Any CPU.ActiveCfg = Debug|Any CPU
		{93231953-8261-4E2B-AF6B-724F0F731899}.Debug|Any CPU.Build.0 = Debug|Any CPU
		{93231953-8261-4E2B-AF6B-724F0F731899}.Release|Any CPU.ActiveCfg = Release|Any CPU
		{93231953-8261-4E2B-AF6B-724F0F731899}.Release|Any CPU.Build.0 = Release|Any CPU
		{C16B6412-A762-4DAD-BDEB-CF6D04CA7DCB}.Debug|Any CPU.ActiveCfg = Debug|Any CPU
		{C16B6412-A762-4DAD-BDEB-CF6D04CA7DCB}.Debug|Any CPU.Build.0 = Debug|Any CPU
		{C16B6412-A762-4DAD-BDEB-CF6D04CA7DCB}.Release|Any CPU.ActiveCfg = Release|Any CPU
		{C16B6412-A762-4DAD-BDEB-CF6D04CA7DCB}.Release|Any CPU.Build.0 = Release|Any CPU
		{0C6ABDD2-5259-4CC6-8FEF-8460CD36C770}.Debug|Any CPU.ActiveCfg = Debug|Any CPU
		{0C6ABDD2-5259-4CC6-8FEF-8460CD36C770}.Debug|Any CPU.Build.0 = Debug|Any CPU
		{0C6ABDD2-5259-4CC6-8FEF-8460CD36C770}.Release|Any CPU.ActiveCfg = Release|Any CPU
		{0C6ABDD2-5259-4CC6-8FEF-8460CD36C770}.Release|Any CPU.Build.0 = Release|Any CPU
		{271D308F-BC02-4931-A8FF-5EA45F730E4E}.Debug|Any CPU.ActiveCfg = Debug|Any CPU
		{271D308F-BC02-4931-A8FF-5EA45F730E4E}.Debug|Any CPU.Build.0 = Debug|Any CPU
		{271D308F-BC02-4931-A8FF-5EA45F730E4E}.Release|Any CPU.ActiveCfg = Release|Any CPU
		{271D308F-BC02-4931-A8FF-5EA45F730E4E}.Release|Any CPU.Build.0 = Release|Any CPU
		{529174F0-C135-4721-9CDF-BD0C1B7781B8}.Debug|Any CPU.ActiveCfg = Debug|Any CPU
		{529174F0-C135-4721-9CDF-BD0C1B7781B8}.Debug|Any CPU.Build.0 = Debug|Any CPU
		{529174F0-C135-4721-9CDF-BD0C1B7781B8}.Release|Any CPU.ActiveCfg = Release|Any CPU
		{529174F0-C135-4721-9CDF-BD0C1B7781B8}.Release|Any CPU.Build.0 = Release|Any CPU
		{C6E03868-DB3B-45BC-A250-923EE421D530}.Debug|Any CPU.ActiveCfg = Debug|Any CPU
		{C6E03868-DB3B-45BC-A250-923EE421D530}.Debug|Any CPU.Build.0 = Debug|Any CPU
		{C6E03868-DB3B-45BC-A250-923EE421D530}.Release|Any CPU.ActiveCfg = Release|Any CPU
		{C6E03868-DB3B-45BC-A250-923EE421D530}.Release|Any CPU.Build.0 = Release|Any CPU
		{ABE84FC6-CFDF-4256-B45A-64AF41A812A7}.Debug|Any CPU.ActiveCfg = Debug|Any CPU
		{ABE84FC6-CFDF-4256-B45A-64AF41A812A7}.Debug|Any CPU.Build.0 = Debug|Any CPU
		{ABE84FC6-CFDF-4256-B45A-64AF41A812A7}.Release|Any CPU.ActiveCfg = Release|Any CPU
		{ABE84FC6-CFDF-4256-B45A-64AF41A812A7}.Release|Any CPU.Build.0 = Release|Any CPU
		{F40F0A5F-9CEC-4F1D-A069-1BFA5DB4789B}.Debug|Any CPU.ActiveCfg = Debug|Any CPU
		{F40F0A5F-9CEC-4F1D-A069-1BFA5DB4789B}.Debug|Any CPU.Build.0 = Debug|Any CPU
		{F40F0A5F-9CEC-4F1D-A069-1BFA5DB4789B}.Release|Any CPU.ActiveCfg = Release|Any CPU
		{F40F0A5F-9CEC-4F1D-A069-1BFA5DB4789B}.Release|Any CPU.Build.0 = Release|Any CPU
		{7BD32E8E-4F54-4B21-B72D-36EB032A5E18}.Debug|Any CPU.ActiveCfg = Debug|Any CPU
		{7BD32E8E-4F54-4B21-B72D-36EB032A5E18}.Debug|Any CPU.Build.0 = Debug|Any CPU
		{7BD32E8E-4F54-4B21-B72D-36EB032A5E18}.Release|Any CPU.ActiveCfg = Release|Any CPU
		{7BD32E8E-4F54-4B21-B72D-36EB032A5E18}.Release|Any CPU.Build.0 = Release|Any CPU
		{42D5A1FA-6830-4B34-96A5-54F405A0CEBE}.Debug|Any CPU.ActiveCfg = Debug|Any CPU
		{42D5A1FA-6830-4B34-96A5-54F405A0CEBE}.Debug|Any CPU.Build.0 = Debug|Any CPU
		{42D5A1FA-6830-4B34-96A5-54F405A0CEBE}.Release|Any CPU.ActiveCfg = Release|Any CPU
		{42D5A1FA-6830-4B34-96A5-54F405A0CEBE}.Release|Any CPU.Build.0 = Release|Any CPU
		{13FCAC6F-B14E-41F7-9546-2E1293BCEB51}.Debug|Any CPU.ActiveCfg = Debug|Any CPU
		{13FCAC6F-B14E-41F7-9546-2E1293BCEB51}.Debug|Any CPU.Build.0 = Debug|Any CPU
		{13FCAC6F-B14E-41F7-9546-2E1293BCEB51}.Release|Any CPU.ActiveCfg = Release|Any CPU
		{13FCAC6F-B14E-41F7-9546-2E1293BCEB51}.Release|Any CPU.Build.0 = Release|Any CPU
		{9CAEFE74-F603-4DBB-A839-EB38531A0F8C}.Debug|Any CPU.ActiveCfg = Debug|Any CPU
		{9CAEFE74-F603-4DBB-A839-EB38531A0F8C}.Debug|Any CPU.Build.0 = Debug|Any CPU
		{9CAEFE74-F603-4DBB-A839-EB38531A0F8C}.Release|Any CPU.ActiveCfg = Release|Any CPU
		{9CAEFE74-F603-4DBB-A839-EB38531A0F8C}.Release|Any CPU.Build.0 = Release|Any CPU
		{A394C6FB-205B-4EB8-9C03-B1F278A79BDA}.Debug|Any CPU.ActiveCfg = Debug|Any CPU
		{A394C6FB-205B-4EB8-9C03-B1F278A79BDA}.Debug|Any CPU.Build.0 = Debug|Any CPU
		{A394C6FB-205B-4EB8-9C03-B1F278A79BDA}.Release|Any CPU.ActiveCfg = Release|Any CPU
		{A394C6FB-205B-4EB8-9C03-B1F278A79BDA}.Release|Any CPU.Build.0 = Release|Any CPU
		{76D57525-D34A-40BE-B020-6704B7E1C4C0}.Debug|Any CPU.ActiveCfg = Debug|Any CPU
		{76D57525-D34A-40BE-B020-6704B7E1C4C0}.Debug|Any CPU.Build.0 = Debug|Any CPU
		{76D57525-D34A-40BE-B020-6704B7E1C4C0}.Release|Any CPU.ActiveCfg = Release|Any CPU
		{76D57525-D34A-40BE-B020-6704B7E1C4C0}.Release|Any CPU.Build.0 = Release|Any CPU
		{7DA64A9E-2ED3-4D67-B048-3AE59BDFB22B}.Debug|Any CPU.ActiveCfg = Debug|Any CPU
		{7DA64A9E-2ED3-4D67-B048-3AE59BDFB22B}.Debug|Any CPU.Build.0 = Debug|Any CPU
		{7DA64A9E-2ED3-4D67-B048-3AE59BDFB22B}.Release|Any CPU.ActiveCfg = Release|Any CPU
		{7DA64A9E-2ED3-4D67-B048-3AE59BDFB22B}.Release|Any CPU.Build.0 = Release|Any CPU
		{D7CD5FB6-12E0-4372-AB58-328843BDEFE3}.Debug|Any CPU.ActiveCfg = Debug|Any CPU
		{D7CD5FB6-12E0-4372-AB58-328843BDEFE3}.Debug|Any CPU.Build.0 = Debug|Any CPU
		{D7CD5FB6-12E0-4372-AB58-328843BDEFE3}.Release|Any CPU.ActiveCfg = Release|Any CPU
		{D7CD5FB6-12E0-4372-AB58-328843BDEFE3}.Release|Any CPU.Build.0 = Release|Any CPU
		{95886984-4DBB-49D7-A605-A64844DC4573}.Debug|Any CPU.ActiveCfg = Debug|Any CPU
		{95886984-4DBB-49D7-A605-A64844DC4573}.Debug|Any CPU.Build.0 = Debug|Any CPU
		{95886984-4DBB-49D7-A605-A64844DC4573}.Release|Any CPU.ActiveCfg = Release|Any CPU
		{95886984-4DBB-49D7-A605-A64844DC4573}.Release|Any CPU.Build.0 = Release|Any CPU
		{B153B0E1-FEFF-4448-99AB-C25A2BB45B5C}.Debug|Any CPU.ActiveCfg = Debug|Any CPU
		{B153B0E1-FEFF-4448-99AB-C25A2BB45B5C}.Debug|Any CPU.Build.0 = Debug|Any CPU
		{B153B0E1-FEFF-4448-99AB-C25A2BB45B5C}.Release|Any CPU.ActiveCfg = Release|Any CPU
		{B153B0E1-FEFF-4448-99AB-C25A2BB45B5C}.Release|Any CPU.Build.0 = Release|Any CPU
		{A9D5520B-94E0-4834-9C61-4EF79BE1343E}.Debug|Any CPU.ActiveCfg = Debug|Any CPU
		{A9D5520B-94E0-4834-9C61-4EF79BE1343E}.Debug|Any CPU.Build.0 = Debug|Any CPU
		{A9D5520B-94E0-4834-9C61-4EF79BE1343E}.Release|Any CPU.ActiveCfg = Release|Any CPU
		{A9D5520B-94E0-4834-9C61-4EF79BE1343E}.Release|Any CPU.Build.0 = Release|Any CPU
	EndGlobalSection
	GlobalSection(SolutionProperties) = preSolution
		HideSolutionNode = FALSE
	EndGlobalSection
	GlobalSection(NestedProjects) = preSolution
		{04A2E709-69CD-4457-89EF-12EE18682F3F} = {6164FF06-9753-4911-9B58-C48903E7008C}
		{EEB3025D-6356-4DFC-8303-CCAC9BE63874} = {6164FF06-9753-4911-9B58-C48903E7008C}
		{29422E47-6718-4393-83FE-54548331D537} = {6164FF06-9753-4911-9B58-C48903E7008C}
		{79098D31-83B2-4F1C-BA26-8B88738F53D7} = {F1F55EFF-AE33-4869-9834-9225924FF8CB}
		{0B111FF8-853E-4293-8B3C-3BAEE108F6AD} = {F1F55EFF-AE33-4869-9834-9225924FF8CB}
		{93231953-8261-4E2B-AF6B-724F0F731899} = {F1F55EFF-AE33-4869-9834-9225924FF8CB}
		{C16B6412-A762-4DAD-BDEB-CF6D04CA7DCB} = {180514BE-FD90-4BFE-9B0B-25C98AF71DB3}
		{0C6ABDD2-5259-4CC6-8FEF-8460CD36C770} = {180514BE-FD90-4BFE-9B0B-25C98AF71DB3}
		{271D308F-BC02-4931-A8FF-5EA45F730E4E} = {180514BE-FD90-4BFE-9B0B-25C98AF71DB3}
		{529174F0-C135-4721-9CDF-BD0C1B7781B8} = {8D5A3655-BE0D-45EC-B072-D76186CA5A67}
		{C6E03868-DB3B-45BC-A250-923EE421D530} = {8D5A3655-BE0D-45EC-B072-D76186CA5A67}
		{ABE84FC6-CFDF-4256-B45A-64AF41A812A7} = {8D5A3655-BE0D-45EC-B072-D76186CA5A67}
		{F40F0A5F-9CEC-4F1D-A069-1BFA5DB4789B} = {98F2450B-7430-4654-B8B2-44A5CDBB7EDB}
		{7BD32E8E-4F54-4B21-B72D-36EB032A5E18} = {98F2450B-7430-4654-B8B2-44A5CDBB7EDB}
		{42D5A1FA-6830-4B34-96A5-54F405A0CEBE} = {98F2450B-7430-4654-B8B2-44A5CDBB7EDB}
		{13FCAC6F-B14E-41F7-9546-2E1293BCEB51} = {6E545505-A255-4D4C-BC43-B084B7727F98}
		{9CAEFE74-F603-4DBB-A839-EB38531A0F8C} = {6E545505-A255-4D4C-BC43-B084B7727F98}
		{A394C6FB-205B-4EB8-9C03-B1F278A79BDA} = {6E545505-A255-4D4C-BC43-B084B7727F98}
		{76D57525-D34A-40BE-B020-6704B7E1C4C0} = {FCACE727-582A-4BA2-8378-9AB2DA7CF8F1}
		{7DA64A9E-2ED3-4D67-B048-3AE59BDFB22B} = {FCACE727-582A-4BA2-8378-9AB2DA7CF8F1}
		{D7CD5FB6-12E0-4372-AB58-328843BDEFE3} = {FCACE727-582A-4BA2-8378-9AB2DA7CF8F1}
		{95886984-4DBB-49D7-A605-A64844DC4573} = {CC6A6374-1F8D-43BD-9DEC-0601856EA923}
		{B153B0E1-FEFF-4448-99AB-C25A2BB45B5C} = {CC6A6374-1F8D-43BD-9DEC-0601856EA923}
		{A9D5520B-94E0-4834-9C61-4EF79BE1343E} = {CC6A6374-1F8D-43BD-9DEC-0601856EA923}
	EndGlobalSection
	GlobalSection(ExtensibilityGlobals) = postSolution
		SolutionGuid = {26C85430-C765-4E34-A0BD-135B4DDE41CF}
	EndGlobalSection
EndGlobal
